
Microsoft Visual Studio Solution File, Format Version 12.00
# Visual Studio Version 17
VisualStudioVersion = 17.5.002.0
MinimumVisualStudioVersion = 10.0.40219.1
Project("{2150E333-8FDC-42A3-9474-1A3956D46DE8}") = "Files", "Files", "{AFD2A644-A9F2-4AC3-96B4-247279EB2FAD}"
EndProject
Project("{9A19103F-16F7-4668-BE54-9A1E7A4F7556}") = "CreateFiles", "Files\CreateFiles\CreateFiles.csproj", "{66B29B2C-2093-4FAC-90BC-D39B7393DB51}"
EndProject
Project("{9A19103F-16F7-4668-BE54-9A1E7A4F7556}") = "Directories", "Files\Directories\Directories.csproj", "{F0A764DB-D247-45D3-94DF-3E31C3C7D9A7}"
EndProject
Project("{9A19103F-16F7-4668-BE54-9A1E7A4F7556}") = "FileInfo", "Files\FileInfo\FileInfo.csproj", "{CAC84070-CF34-49ED-951A-C1117A3CA43F}"
EndProject
Project("{9A19103F-16F7-4668-BE54-9A1E7A4F7556}") = "ReadWriteFiles", "Files\ReadWriteFiles\ReadWriteFiles.csproj", "{038EF7A9-AB8A-4F62-B06E-BBC02751E7E0}"
EndProject
Project("{2150E333-8FDC-42A3-9474-1A3956D46DE8}") = "NumbersDates", "NumbersDates", "{64343FE6-09E0-4E54-B851-7132DBB11BE2}"
EndProject
Project("{9A19103F-16F7-4668-BE54-9A1E7A4F7556}") = "DateTimeClass", "NumbersDates\DateTimeClass\DateTimeClass.csproj", "{291062B2-58AE-4F29-9EEA-D36352A0A75D}"
EndProject
Project("{9A19103F-16F7-4668-BE54-9A1E7A4F7556}") = "FormatDates", "NumbersDates\FormatDates\FormatDates.csproj", "{171C94AE-1D02-4852-9113-2DDE24CF6205}"
EndProject
Project("{9A19103F-16F7-4668-BE54-9A1E7A4F7556}") = "FormatNumbers", "NumbersDates\FormatNumbers\FormatNumbers.csproj", "{68D87824-DF21-41AA-8747-D17E840F7B5B}"
EndProject
Project("{9A19103F-16F7-4668-BE54-9A1E7A4F7556}") = "ParseDates", "NumbersDates\ParseDates\ParseDates.csproj", "{F5F55068-2933-47E5-9FB0-C4C6361D8E18}"
EndProject
Project("{9A19103F-16F7-4668-BE54-9A1E7A4F7556}") = "ParseNumbers", "NumbersDates\ParseNumbers\ParseNumbers.csproj", "{958D58CA-04FC-4149-AEA1-4ADD9A33BD0F}"
EndProject
Project("{2150E333-8FDC-42A3-9474-1A3956D46DE8}") = "Overview", "Overview", "{773CD3EA-47BE-4FAE-A03B-019FD68196FB}"
EndProject
Project("{9A19103F-16F7-4668-BE54-9A1E7A4F7556}") = "DataTypes", "Overview\DataTypes\DataTypes.csproj", "{22235930-5F81-44E8-8692-A4CE1E5810C0}"
EndProject
Project("{9A19103F-16F7-4668-BE54-9A1E7A4F7556}") = "GarbageCollect", "Overview\GarbageCollect\GarbageCollect.csproj", "{458CDDA5-558A-4B39-BD31-FCC70463C532}"
EndProject
Project("{9A19103F-16F7-4668-BE54-9A1E7A4F7556}") = "MyConsoleApp", "Overview\MyConsoleApp\MyConsoleApp.csproj", "{FF153612-1164-4F8C-8503-7E528683C843}"
EndProject
Project("{2150E333-8FDC-42A3-9474-1A3956D46DE8}") = "Regex", "Regex", "{176F8226-2C0A-480B-BC78-D0EC4E2D3302}"
EndProject
Project("{9A19103F-16F7-4668-BE54-9A1E7A4F7556}") = "Finding", "Regex\Finding\Finding.csproj", "{3EDA4BF1-8FBE-4C92-830D-D14326DF40C6}"
EndProject
Project("{9A19103F-16F7-4668-BE54-9A1E7A4F7556}") = "Replacing", "Regex\Replacing\Replacing.csproj", "{9076F7CC-6D3E-412C-8FC8-2B14EAE7E452}"
EndProject
Project("{9A19103F-16F7-4668-BE54-9A1E7A4F7556}") = "RegexTimeouts", "Regex\Timeouts\RegexTimeouts.csproj", "{84BEAC91-F261-4AAF-90D5-0A35939FB44F}"
EndProject
Project("{2150E333-8FDC-42A3-9474-1A3956D46DE8}") = "Strings", "Strings", "{1B3E58DC-FE78-421E-848F-062495A80F81}"
EndProject
Project("{9A19103F-16F7-4668-BE54-9A1E7A4F7556}") = "Formatting", "Strings\Formatting\Formatting.csproj", "{A2DB1C24-AC38-4C37-9A03-289A13696915}"
EndProject
Project("{9A19103F-16F7-4668-BE54-9A1E7A4F7556}") = "Interpolation", "Strings\Interpolation\Interpolation.csproj", "{E50C7DBB-7E89-4729-BB62-9AD6E7FA2108}"
EndProject
Project("{9A19103F-16F7-4668-BE54-9A1E7A4F7556}") = "Manipulation", "Strings\Manipulation\Manipulation.csproj", "{9151F40A-95FF-4714-8FC1-1F5202AA274E}"
EndProject
Project("{9A19103F-16F7-4668-BE54-9A1E7A4F7556}") = "Searching", "Strings\Searching\Searching.csproj", "{F4A697EB-7D06-4F28-B81A-3561E74B43CE}"
EndProject
Global
	GlobalSection(SolutionConfigurationPlatforms) = preSolution
		Debug|Any CPU = Debug|Any CPU
		Release|Any CPU = Release|Any CPU
	EndGlobalSection
	GlobalSection(ProjectConfigurationPlatforms) = postSolution
		{66B29B2C-2093-4FAC-90BC-D39B7393DB51}.Debug|Any CPU.ActiveCfg = Debug|Any CPU
		{66B29B2C-2093-4FAC-90BC-D39B7393DB51}.Debug|Any CPU.Build.0 = Debug|Any CPU
		{66B29B2C-2093-4FAC-90BC-D39B7393DB51}.Release|Any CPU.ActiveCfg = Release|Any CPU
		{66B29B2C-2093-4FAC-90BC-D39B7393DB51}.Release|Any CPU.Build.0 = Release|Any CPU
		{F0A764DB-D247-45D3-94DF-3E31C3C7D9A7}.Debug|Any CPU.ActiveCfg = Debug|Any CPU
		{F0A764DB-D247-45D3-94DF-3E31C3C7D9A7}.Debug|Any CPU.Build.0 = Debug|Any CPU
		{F0A764DB-D247-45D3-94DF-3E31C3C7D9A7}.Release|Any CPU.ActiveCfg = Release|Any CPU
		{F0A764DB-D247-45D3-94DF-3E31C3C7D9A7}.Release|Any CPU.Build.0 = Release|Any CPU
		{CAC84070-CF34-49ED-951A-C1117A3CA43F}.Debug|Any CPU.ActiveCfg = Debug|Any CPU
		{CAC84070-CF34-49ED-951A-C1117A3CA43F}.Debug|Any CPU.Build.0 = Debug|Any CPU
		{CAC84070-CF34-49ED-951A-C1117A3CA43F}.Release|Any CPU.ActiveCfg = Release|Any CPU
		{CAC84070-CF34-49ED-951A-C1117A3CA43F}.Release|Any CPU.Build.0 = Release|Any CPU
		{038EF7A9-AB8A-4F62-B06E-BBC02751E7E0}.Debug|Any CPU.ActiveCfg = Debug|Any CPU
		{038EF7A9-AB8A-4F62-B06E-BBC02751E7E0}.Debug|Any CPU.Build.0 = Debug|Any CPU
		{038EF7A9-AB8A-4F62-B06E-BBC02751E7E0}.Release|Any CPU.ActiveCfg = Release|Any CPU
		{038EF7A9-AB8A-4F62-B06E-BBC02751E7E0}.Release|Any CPU.Build.0 = Release|Any CPU
		{291062B2-58AE-4F29-9EEA-D36352A0A75D}.Debug|Any CPU.ActiveCfg = Debug|Any CPU
		{291062B2-58AE-4F29-9EEA-D36352A0A75D}.Debug|Any CPU.Build.0 = Debug|Any CPU
		{291062B2-58AE-4F29-9EEA-D36352A0A75D}.Release|Any CPU.ActiveCfg = Release|Any CPU
		{291062B2-58AE-4F29-9EEA-D36352A0A75D}.Release|Any CPU.Build.0 = Release|Any CPU
		{171C94AE-1D02-4852-9113-2DDE24CF6205}.Debug|Any CPU.ActiveCfg = Debug|Any CPU
		{171C94AE-1D02-4852-9113-2DDE24CF6205}.Debug|Any CPU.Build.0 = Debug|Any CPU
		{171C94AE-1D02-4852-9113-2DDE24CF6205}.Release|Any CPU.ActiveCfg = Release|Any CPU
		{171C94AE-1D02-4852-9113-2DDE24CF6205}.Release|Any CPU.Build.0 = Release|Any CPU
		{68D87824-DF21-41AA-8747-D17E840F7B5B}.Debug|Any CPU.ActiveCfg = Debug|Any CPU
		{68D87824-DF21-41AA-8747-D17E840F7B5B}.Debug|Any CPU.Build.0 = Debug|Any CPU
		{68D87824-DF21-41AA-8747-D17E840F7B5B}.Release|Any CPU.ActiveCfg = Release|Any CPU
		{68D87824-DF21-41AA-8747-D17E840F7B5B}.Release|Any CPU.Build.0 = Release|Any CPU
		{F5F55068-2933-47E5-9FB0-C4C6361D8E18}.Debug|Any CPU.ActiveCfg = Debug|Any CPU
		{F5F55068-2933-47E5-9FB0-C4C6361D8E18}.Debug|Any CPU.Build.0 = Debug|Any CPU
		{F5F55068-2933-47E5-9FB0-C4C6361D8E18}.Release|Any CPU.ActiveCfg = Release|Any CPU
		{F5F55068-2933-47E5-9FB0-C4C6361D8E18}.Release|Any CPU.Build.0 = Release|Any CPU
		{958D58CA-04FC-4149-AEA1-4ADD9A33BD0F}.Debug|Any CPU.ActiveCfg = Debug|Any CPU
		{958D58CA-04FC-4149-AEA1-4ADD9A33BD0F}.Debug|Any CPU.Build.0 = Debug|Any CPU
		{958D58CA-04FC-4149-AEA1-4ADD9A33BD0F}.Release|Any CPU.ActiveCfg = Release|Any CPU
		{958D58CA-04FC-4149-AEA1-4ADD9A33BD0F}.Release|Any CPU.Build.0 = Release|Any CPU
		{22235930-5F81-44E8-8692-A4CE1E5810C0}.Debug|Any CPU.ActiveCfg = Debug|Any CPU
		{22235930-5F81-44E8-8692-A4CE1E5810C0}.Debug|Any CPU.Build.0 = Debug|Any CPU
		{22235930-5F81-44E8-8692-A4CE1E5810C0}.Release|Any CPU.ActiveCfg = Release|Any CPU
		{22235930-5F81-44E8-8692-A4CE1E5810C0}.Release|Any CPU.Build.0 = Release|Any CPU
		{458CDDA5-558A-4B39-BD31-FCC70463C532}.Debug|Any CPU.ActiveCfg = Debug|Any CPU
		{458CDDA5-558A-4B39-BD31-FCC70463C532}.Debug|Any CPU.Build.0 = Debug|Any CPU
		{458CDDA5-558A-4B39-BD31-FCC70463C532}.Release|Any CPU.ActiveCfg = Release|Any CPU
		{458CDDA5-558A-4B39-BD31-FCC70463C532}.Release|Any CPU.Build.0 = Release|Any CPU
		{FF153612-1164-4F8C-8503-7E528683C843}.Debug|Any CPU.ActiveCfg = Debug|Any CPU
		{FF153612-1164-4F8C-8503-7E528683C843}.Debug|Any CPU.Build.0 = Debug|Any CPU
		{FF153612-1164-4F8C-8503-7E528683C843}.Release|Any CPU.ActiveCfg = Release|Any CPU
		{FF153612-1164-4F8C-8503-7E528683C843}.Release|Any CPU.Build.0 = Release|Any CPU
		{3EDA4BF1-8FBE-4C92-830D-D14326DF40C6}.Debug|Any CPU.ActiveCfg = Debug|Any CPU
		{3EDA4BF1-8FBE-4C92-830D-D14326DF40C6}.Debug|Any CPU.Build.0 = Debug|Any CPU
		{3EDA4BF1-8FBE-4C92-830D-D14326DF40C6}.Release|Any CPU.ActiveCfg = Release|Any CPU
		{3EDA4BF1-8FBE-4C92-830D-D14326DF40C6}.Release|Any CPU.Build.0 = Release|Any CPU
		{9076F7CC-6D3E-412C-8FC8-2B14EAE7E452}.Debug|Any CPU.ActiveCfg = Debug|Any CPU
		{9076F7CC-6D3E-412C-8FC8-2B14EAE7E452}.Debug|Any CPU.Build.0 = Debug|Any CPU
		{9076F7CC-6D3E-412C-8FC8-2B14EAE7E452}.Release|Any CPU.ActiveCfg = Release|Any CPU
		{9076F7CC-6D3E-412C-8FC8-2B14EAE7E452}.Release|Any CPU.Build.0 = Release|Any CPU
		{84BEAC91-F261-4AAF-90D5-0A35939FB44F}.Debug|Any CPU.ActiveCfg = Debug|Any CPU
		{84BEAC91-F261-4AAF-90D5-0A35939FB44F}.Debug|Any CPU.Build.0 = Debug|Any CPU
		{84BEAC91-F261-4AAF-90D5-0A35939FB44F}.Release|Any CPU.ActiveCfg = Release|Any CPU
		{84BEAC91-F261-4AAF-90D5-0A35939FB44F}.Release|Any CPU.Build.0 = Release|Any CPU
		{A2DB1C24-AC38-4C37-9A03-289A13696915}.Debug|Any CPU.ActiveCfg = Debug|Any CPU
		{A2DB1C24-AC38-4C37-9A03-289A13696915}.Debug|Any CPU.Build.0 = Debug|Any CPU
		{A2DB1C24-AC38-4C37-9A03-289A13696915}.Release|Any CPU.ActiveCfg = Release|Any CPU
		{A2DB1C24-AC38-4C37-9A03-289A13696915}.Release|Any CPU.Build.0 = Release|Any CPU
		{E50C7DBB-7E89-4729-BB62-9AD6E7FA2108}.Debug|Any CPU.ActiveCfg = Debug|Any CPU
		{E50C7DBB-7E89-4729-BB62-9AD6E7FA2108}.Debug|Any CPU.Build.0 = Debug|Any CPU
		{E50C7DBB-7E89-4729-BB62-9AD6E7FA2108}.Release|Any CPU.ActiveCfg = Release|Any CPU
		{E50C7DBB-7E89-4729-BB62-9AD6E7FA2108}.Release|Any CPU.Build.0 = Release|Any CPU
		{9151F40A-95FF-4714-8FC1-1F5202AA274E}.Debug|Any CPU.ActiveCfg = Debug|Any CPU
		{9151F40A-95FF-4714-8FC1-1F5202AA274E}.Debug|Any CPU.Build.0 = Debug|Any CPU
		{9151F40A-95FF-4714-8FC1-1F5202AA274E}.Release|Any CPU.ActiveCfg = Release|Any CPU
		{9151F40A-95FF-4714-8FC1-1F5202AA274E}.Release|Any CPU.Build.0 = Release|Any CPU
		{F4A697EB-7D06-4F28-B81A-3561E74B43CE}.Debug|Any CPU.ActiveCfg = Debug|Any CPU
		{F4A697EB-7D06-4F28-B81A-3561E74B43CE}.Debug|Any CPU.Build.0 = Debug|Any CPU
		{F4A697EB-7D06-4F28-B81A-3561E74B43CE}.Release|Any CPU.ActiveCfg = Release|Any CPU
		{F4A697EB-7D06-4F28-B81A-3561E74B43CE}.Release|Any CPU.Build.0 = Release|Any CPU
	EndGlobalSection
	GlobalSection(SolutionProperties) = preSolution
		HideSolutionNode = FALSE
	EndGlobalSection
	GlobalSection(NestedProjects) = preSolution
		{66B29B2C-2093-4FAC-90BC-D39B7393DB51} = {AFD2A644-A9F2-4AC3-96B4-247279EB2FAD}
		{F0A764DB-D247-45D3-94DF-3E31C3C7D9A7} = {AFD2A644-A9F2-4AC3-96B4-247279EB2FAD}
		{CAC84070-CF34-49ED-951A-C1117A3CA43F} = {AFD2A644-A9F2-4AC3-96B4-247279EB2FAD}
		{038EF7A9-AB8A-4F62-B06E-BBC02751E7E0} = {AFD2A644-A9F2-4AC3-96B4-247279EB2FAD}
		{291062B2-58AE-4F29-9EEA-D36352A0A75D} = {64343FE6-09E0-4E54-B851-7132DBB11BE2}
		{171C94AE-1D02-4852-9113-2DDE24CF6205} = {64343FE6-09E0-4E54-B851-7132DBB11BE2}
		{68D87824-DF21-41AA-8747-D17E840F7B5B} = {64343FE6-09E0-4E54-B851-7132DBB11BE2}
		{F5F55068-2933-47E5-9FB0-C4C6361D8E18} = {64343FE6-09E0-4E54-B851-7132DBB11BE2}
		{958D58CA-04FC-4149-AEA1-4ADD9A33BD0F} = {64343FE6-09E0-4E54-B851-7132DBB11BE2}
		{22235930-5F81-44E8-8692-A4CE1E5810C0} = {773CD3EA-47BE-4FAE-A03B-019FD68196FB}
		{458CDDA5-558A-4B39-BD31-FCC70463C532} = {773CD3EA-47BE-4FAE-A03B-019FD68196FB}
		{FF153612-1164-4F8C-8503-7E528683C843} = {773CD3EA-47BE-4FAE-A03B-019FD68196FB}
		{3EDA4BF1-8FBE-4C92-830D-D14326DF40C6} = {176F8226-2C0A-480B-BC78-D0EC4E2D3302}
		{9076F7CC-6D3E-412C-8FC8-2B14EAE7E452} = {176F8226-2C0A-480B-BC78-D0EC4E2D3302}
		{84BEAC91-F261-4AAF-90D5-0A35939FB44F} = {176F8226-2C0A-480B-BC78-D0EC4E2D3302}
		{A2DB1C24-AC38-4C37-9A03-289A13696915} = {1B3E58DC-FE78-421E-848F-062495A80F81}
		{E50C7DBB-7E89-4729-BB62-9AD6E7FA2108} = {1B3E58DC-FE78-421E-848F-062495A80F81}
		{9151F40A-95FF-4714-8FC1-1F5202AA274E} = {1B3E58DC-FE78-421E-848F-062495A80F81}
		{F4A697EB-7D06-4F28-B81A-3561E74B43CE} = {1B3E58DC-FE78-421E-848F-062495A80F81}
	EndGlobalSection
	GlobalSection(ExtensibilityGlobals) = postSolution
		SolutionGuid = {BF7F65BC-B212-4181-A660-4EA516D671B2}
	EndGlobalSection
EndGlobal
